
Microsoft Visual Studio Solution File, Format Version 12.00
# Visual Studio Version 17
VisualStudioVersion = 17.10.34928.147
MinimumVisualStudioVersion = 10.0.40219.1
Project("{9A19103F-16F7-4668-BE54-9A1E7A4F7556}") = "PLAMMY", "PLAMMY\PLAMMY.csproj", "{B52ED8CC-E3EB-41D8-86DF-F5A8C9476631}"
EndProject
Project("{9A19103F-16F7-4668-BE54-9A1E7A4F7556}") = "Hw01", "Hw01\Hw01.csproj", "{0E4EFBF5-4A52-4CF5-B14F-14DCAEAE93FC}"
EndProject
Project("{9A19103F-16F7-4668-BE54-9A1E7A4F7556}") = "Hw02", "Hw02\Hw02.csproj", "{3817969C-64D0-4337-A1AF-E3A372740CBD}"
EndProject
Project("{9A19103F-16F7-4668-BE54-9A1E7A4F7556}") = "Hw03", "Hw03\Hw03.csproj", "{4E76C065-A3BA-48C5-BF9B-FA6801350B58}"
EndProject
Project("{9A19103F-16F7-4668-BE54-9A1E7A4F7556}") = "Hw04", "Hw04\Hw04.csproj", "{28784C20-1D0E-423A-A0F4-893164F0C74F}"
EndProject
Project("{9A19103F-16F7-4668-BE54-9A1E7A4F7556}") = "Hw05", "Hw05\Hw05.csproj", "{51B94891-C61F-44BB-8279-7CD482FAF4DD}"
EndProject
Project("{9A19103F-16F7-4668-BE54-9A1E7A4F7556}") = "Hw06", "Hw06\Hw06.csproj", "{F05A021B-E57E-4DCC-B4AA-CF55B259BD28}"
EndProject
Project("{9A19103F-16F7-4668-BE54-9A1E7A4F7556}") = "Hw07", "Hw07\Hw07.csproj", "{CE7F8EB7-A24E-4A42-81B0-13B9B546230A}"
EndProject
Project("{9A19103F-16F7-4668-BE54-9A1E7A4F7556}") = "Hw08", "Hw08\Hw08.csproj", "{176EFE33-9E63-48EC-A514-426AD2EDE188}"
EndProject
Project("{9A19103F-16F7-4668-BE54-9A1E7A4F7556}") = "Hw09OOP", "Hw09OOP\Hw09OOP.csproj", "{3B8BC5A7-2728-45A0-BA2C-FAEF4499DB81}"
EndProject
Project("{9A19103F-16F7-4668-BE54-9A1E7A4F7556}") = "Hw10OOP", "Hw10OOP\Hw10OOP.csproj", "{088635BA-51EF-4493-8668-C79D7EA9A02A}"
EndProject
Project("{9A19103F-16F7-4668-BE54-9A1E7A4F7556}") = "Hw12OOP", "Hw12OOP\Hw12OOP.csproj", "{3326CF5F-3A73-48AD-BAB8-DF8031079C20}"
EndProject
Project("{9A19103F-16F7-4668-BE54-9A1E7A4F7556}") = "PLAMMYLibrary", "LibraryPLAMMY\PLAMMYLibrary.csproj", "{5CBAB196-284A-4CEA-99B5-D1683280879C}"
EndProject
Project("{9A19103F-16F7-4668-BE54-9A1E7A4F7556}") = "PLAMMYCinema", "PLAMMYCinema\PLAMMYCinema.csproj", "{90A2AD48-B1DA-4DC2-A535-0B2F261FF0D2}"
EndProject
Global
	GlobalSection(SolutionConfigurationPlatforms) = preSolution
		Debug|Any CPU = Debug|Any CPU
		Release|Any CPU = Release|Any CPU
	EndGlobalSection
	GlobalSection(ProjectConfigurationPlatforms) = postSolution
		{B52ED8CC-E3EB-41D8-86DF-F5A8C9476631}.Debug|Any CPU.ActiveCfg = Debug|Any CPU
		{B52ED8CC-E3EB-41D8-86DF-F5A8C9476631}.Debug|Any CPU.Build.0 = Debug|Any CPU
		{B52ED8CC-E3EB-41D8-86DF-F5A8C9476631}.Release|Any CPU.ActiveCfg = Release|Any CPU
		{B52ED8CC-E3EB-41D8-86DF-F5A8C9476631}.Release|Any CPU.Build.0 = Release|Any CPU
		{0E4EFBF5-4A52-4CF5-B14F-14DCAEAE93FC}.Debug|Any CPU.ActiveCfg = Debug|Any CPU
		{0E4EFBF5-4A52-4CF5-B14F-14DCAEAE93FC}.Debug|Any CPU.Build.0 = Debug|Any CPU
		{0E4EFBF5-4A52-4CF5-B14F-14DCAEAE93FC}.Release|Any CPU.ActiveCfg = Release|Any CPU
		{0E4EFBF5-4A52-4CF5-B14F-14DCAEAE93FC}.Release|Any CPU.Build.0 = Release|Any CPU
		{3817969C-64D0-4337-A1AF-E3A372740CBD}.Debug|Any CPU.ActiveCfg = Debug|Any CPU
		{3817969C-64D0-4337-A1AF-E3A372740CBD}.Debug|Any CPU.Build.0 = Debug|Any CPU
		{3817969C-64D0-4337-A1AF-E3A372740CBD}.Release|Any CPU.ActiveCfg = Release|Any CPU
		{3817969C-64D0-4337-A1AF-E3A372740CBD}.Release|Any CPU.Build.0 = Release|Any CPU
		{4E76C065-A3BA-48C5-BF9B-FA6801350B58}.Debug|Any CPU.ActiveCfg = Debug|Any CPU
		{4E76C065-A3BA-48C5-BF9B-FA6801350B58}.Debug|Any CPU.Build.0 = Debug|Any CPU
		{4E76C065-A3BA-48C5-BF9B-FA6801350B58}.Release|Any CPU.ActiveCfg = Release|Any CPU
		{4E76C065-A3BA-48C5-BF9B-FA6801350B58}.Release|Any CPU.Build.0 = Release|Any CPU
		{28784C20-1D0E-423A-A0F4-893164F0C74F}.Debug|Any CPU.ActiveCfg = Debug|Any CPU
		{28784C20-1D0E-423A-A0F4-893164F0C74F}.Debug|Any CPU.Build.0 = Debug|Any CPU
		{28784C20-1D0E-423A-A0F4-893164F0C74F}.Release|Any CPU.ActiveCfg = Release|Any CPU
		{28784C20-1D0E-423A-A0F4-893164F0C74F}.Release|Any CPU.Build.0 = Release|Any CPU
		{51B94891-C61F-44BB-8279-7CD482FAF4DD}.Debug|Any CPU.ActiveCfg = Debug|Any CPU
		{51B94891-C61F-44BB-8279-7CD482FAF4DD}.Debug|Any CPU.Build.0 = Debug|Any CPU
		{51B94891-C61F-44BB-8279-7CD482FAF4DD}.Release|Any CPU.ActiveCfg = Release|Any CPU
		{51B94891-C61F-44BB-8279-7CD482FAF4DD}.Release|Any CPU.Build.0 = Release|Any CPU
		{F05A021B-E57E-4DCC-B4AA-CF55B259BD28}.Debug|Any CPU.ActiveCfg = Debug|Any CPU
		{F05A021B-E57E-4DCC-B4AA-CF55B259BD28}.Debug|Any CPU.Build.0 = Debug|Any CPU
		{F05A021B-E57E-4DCC-B4AA-CF55B259BD28}.Release|Any CPU.ActiveCfg = Release|Any CPU
		{F05A021B-E57E-4DCC-B4AA-CF55B259BD28}.Release|Any CPU.Build.0 = Release|Any CPU
		{CE7F8EB7-A24E-4A42-81B0-13B9B546230A}.Debug|Any CPU.ActiveCfg = Debug|Any CPU
		{CE7F8EB7-A24E-4A42-81B0-13B9B546230A}.Debug|Any CPU.Build.0 = Debug|Any CPU
		{CE7F8EB7-A24E-4A42-81B0-13B9B546230A}.Release|Any CPU.ActiveCfg = Release|Any CPU
		{CE7F8EB7-A24E-4A42-81B0-13B9B546230A}.Release|Any CPU.Build.0 = Release|Any CPU
		{176EFE33-9E63-48EC-A514-426AD2EDE188}.Debug|Any CPU.ActiveCfg = Debug|Any CPU
		{176EFE33-9E63-48EC-A514-426AD2EDE188}.Debug|Any CPU.Build.0 = Debug|Any CPU
		{176EFE33-9E63-48EC-A514-426AD2EDE188}.Release|Any CPU.ActiveCfg = Release|Any CPU
		{176EFE33-9E63-48EC-A514-426AD2EDE188}.Release|Any CPU.Build.0 = Release|Any CPU
		{3B8BC5A7-2728-45A0-BA2C-FAEF4499DB81}.Debug|Any CPU.ActiveCfg = Debug|Any CPU
		{3B8BC5A7-2728-45A0-BA2C-FAEF4499DB81}.Debug|Any CPU.Build.0 = Debug|Any CPU
		{3B8BC5A7-2728-45A0-BA2C-FAEF4499DB81}.Release|Any CPU.ActiveCfg = Release|Any CPU
		{3B8BC5A7-2728-45A0-BA2C-FAEF4499DB81}.Release|Any CPU.Build.0 = Release|Any CPU
		{088635BA-51EF-4493-8668-C79D7EA9A02A}.Debug|Any CPU.ActiveCfg = Debug|Any CPU
		{088635BA-51EF-4493-8668-C79D7EA9A02A}.Debug|Any CPU.Build.0 = Debug|Any CPU
		{088635BA-51EF-4493-8668-C79D7EA9A02A}.Release|Any CPU.ActiveCfg = Release|Any CPU
		{088635BA-51EF-4493-8668-C79D7EA9A02A}.Release|Any CPU.Build.0 = Release|Any CPU
		{3326CF5F-3A73-48AD-BAB8-DF8031079C20}.Debug|Any CPU.ActiveCfg = Debug|Any CPU
		{3326CF5F-3A73-48AD-BAB8-DF8031079C20}.Debug|Any CPU.Build.0 = Debug|Any CPU
		{3326CF5F-3A73-48AD-BAB8-DF8031079C20}.Release|Any CPU.ActiveCfg = Release|Any CPU
		{3326CF5F-3A73-48AD-BAB8-DF8031079C20}.Release|Any CPU.Build.0 = Release|Any CPU
		{5CBAB196-284A-4CEA-99B5-D1683280879C}.Debug|Any CPU.ActiveCfg = Debug|Any CPU
		{5CBAB196-284A-4CEA-99B5-D1683280879C}.Debug|Any CPU.Build.0 = Debug|Any CPU
		{5CBAB196-284A-4CEA-99B5-D1683280879C}.Release|Any CPU.ActiveCfg = Release|Any CPU
		{5CBAB196-284A-4CEA-99B5-D1683280879C}.Release|Any CPU.Build.0 = Release|Any CPU
		{90A2AD48-B1DA-4DC2-A535-0B2F261FF0D2}.Debug|Any CPU.ActiveCfg = Debug|Any CPU
		{90A2AD48-B1DA-4DC2-A535-0B2F261FF0D2}.Debug|Any CPU.Build.0 = Debug|Any CPU
		{90A2AD48-B1DA-4DC2-A535-0B2F261FF0D2}.Release|Any CPU.ActiveCfg = Release|Any CPU
		{90A2AD48-B1DA-4DC2-A535-0B2F261FF0D2}.Release|Any CPU.Build.0 = Release|Any CPU
	EndGlobalSection
	GlobalSection(SolutionProperties) = preSolution
		HideSolutionNode = FALSE
	EndGlobalSection
	GlobalSection(ExtensibilityGlobals) = postSolution
		SolutionGuid = {A1897E28-BEE7-47F3-BBF5-269E265D2056}
	EndGlobalSection
EndGlobal
